// !$*UTF8*$!
{
	archiveVersion = 1;
	classes = {
	};
	objectVersion = 46;
	objects = {

/* Begin PBXBuildFile section */
		991AA6AF1E98CD3000D61C60 /* AppDelegate.swift in Sources */ = {isa = PBXBuildFile; fileRef = 991AA6AE1E98CD3000D61C60 /* AppDelegate.swift */; };
		991AA6B11E98CD3000D61C60 /* ViewController.swift in Sources */ = {isa = PBXBuildFile; fileRef = 991AA6B01E98CD3000D61C60 /* ViewController.swift */; };
		991AA6B41E98CD3000D61C60 /* Main.storyboard in Resources */ = {isa = PBXBuildFile; fileRef = 991AA6B21E98CD3000D61C60 /* Main.storyboard */; };
		991AA6B61E98CD3000D61C60 /* Assets.xcassets in Resources */ = {isa = PBXBuildFile; fileRef = 991AA6B51E98CD3000D61C60 /* Assets.xcassets */; };
		991AA6B91E98CD3000D61C60 /* LaunchScreen.storyboard in Resources */ = {isa = PBXBuildFile; fileRef = 991AA6B71E98CD3000D61C60 /* LaunchScreen.storyboard */; };
		991AA6C41E98CD3000D61C60 /* live_demoTests.swift in Sources */ = {isa = PBXBuildFile; fileRef = 991AA6C31E98CD3000D61C60 /* live_demoTests.swift */; };
		991AA6CF1E98CD3000D61C60 /* live_demoUITests.swift in Sources */ = {isa = PBXBuildFile; fileRef = 991AA6CE1E98CD3000D61C60 /* live_demoUITests.swift */; };
/* End PBXBuildFile section */

/* Begin PBXContainerItemProxy section */
		991AA6C01E98CD3000D61C60 /* PBXContainerItemProxy */ = {
			isa = PBXContainerItemProxy;
			containerPortal = 991AA6A31E98CD3000D61C60 /* Project object */;
			proxyType = 1;
			remoteGlobalIDString = 991AA6AA1E98CD3000D61C60;
			remoteInfo = live_demo;
		};
		991AA6CB1E98CD3000D61C60 /* PBXContainerItemProxy */ = {
			isa = PBXContainerItemProxy;
			containerPortal = 991AA6A31E98CD3000D61C60 /* Project object */;
			proxyType = 1;
			remoteGlobalIDString = 991AA6AA1E98CD3000D61C60;
			remoteInfo = live_demo;
		};
/* End PBXContainerItemProxy section */

/* Begin PBXFileReference section */
		991AA6AB1E98CD3000D61C60 /* live_demo.app */ = {isa = PBXFileReference; explicitFileType = wrapper.application; includeInIndex = 0; path = live_demo.app; sourceTree = BUILT_PRODUCTS_DIR; };
		991AA6AE1E98CD3000D61C60 /* AppDelegate.swift */ = {isa = PBXFileReference; lastKnownFileType = sourcecode.swift; path = AppDelegate.swift; sourceTree = "<group>"; };
		991AA6B01E98CD3000D61C60 /* ViewController.swift */ = {isa = PBXFileReference; lastKnownFileType = sourcecode.swift; path = ViewController.swift; sourceTree = "<group>"; };
		991AA6B31E98CD3000D61C60 /* Base */ = {isa = PBXFileReference; lastKnownFileType = file.storyboard; name = Base; path = Base.lproj/Main.storyboard; sourceTree = "<group>"; };
		991AA6B51E98CD3000D61C60 /* Assets.xcassets */ = {isa = PBXFileReference; lastKnownFileType = folder.assetcatalog; path = Assets.xcassets; sourceTree = "<group>"; };
		991AA6B81E98CD3000D61C60 /* Base */ = {isa = PBXFileReference; lastKnownFileType = file.storyboard; name = Base; path = Base.lproj/LaunchScreen.storyboard; sourceTree = "<group>"; };
		991AA6BA1E98CD3000D61C60 /* Info.plist */ = {isa = PBXFileReference; lastKnownFileType = text.plist.xml; path = Info.plist; sourceTree = "<group>"; };
		991AA6BF1E98CD3000D61C60 /* live_demoTests.xctest */ = {isa = PBXFileReference; explicitFileType = wrapper.cfbundle; includeInIndex = 0; path = live_demoTests.xctest; sourceTree = BUILT_PRODUCTS_DIR; };
		991AA6C31E98CD3000D61C60 /* live_demoTests.swift */ = {isa = PBXFileReference; lastKnownFileType = sourcecode.swift; path = live_demoTests.swift; sourceTree = "<group>"; };
		991AA6C51E98CD3000D61C60 /* Info.plist */ = {isa = PBXFileReference; lastKnownFileType = text.plist.xml; path = Info.plist; sourceTree = "<group>"; };
		991AA6CA1E98CD3000D61C60 /* live_demoUITests.xctest */ = {isa = PBXFileReference; explicitFileType = wrapper.cfbundle; includeInIndex = 0; path = live_demoUITests.xctest; sourceTree = BUILT_PRODUCTS_DIR; };
		991AA6CE1E98CD3000D61C60 /* live_demoUITests.swift */ = {isa = PBXFileReference; lastKnownFileType = sourcecode.swift; path = live_demoUITests.swift; sourceTree = "<group>"; };
		991AA6D01E98CD3000D61C60 /* Info.plist */ = {isa = PBXFileReference; lastKnownFileType = text.plist.xml; path = Info.plist; sourceTree = "<group>"; };
/* End PBXFileReference section */

/* Begin PBXFrameworksBuildPhase section */
		991AA6A81E98CD3000D61C60 /* Frameworks */ = {
			isa = PBXFrameworksBuildPhase;
			buildActionMask = 2147483647;
			files = (
			);
			runOnlyForDeploymentPostprocessing = 0;
		};
		991AA6BC1E98CD3000D61C60 /* Frameworks */ = {
			isa = PBXFrameworksBuildPhase;
			buildActionMask = 2147483647;
			files = (
			);
			runOnlyForDeploymentPostprocessing = 0;
		};
		991AA6C71E98CD3000D61C60 /* Frameworks */ = {
			isa = PBXFrameworksBuildPhase;
			buildActionMask = 2147483647;
			files = (
			);
			runOnlyForDeploymentPostprocessing = 0;
		};
/* End PBXFrameworksBuildPhase section */

/* Begin PBXGroup section */
		991AA6A21E98CD3000D61C60 = {
			isa = PBXGroup;
			children = (
				991AA6AD1E98CD3000D61C60 /* live_demo */,
				991AA6C21E98CD3000D61C60 /* live_demoTests */,
				991AA6CD1E98CD3000D61C60 /* live_demoUITests */,
				991AA6AC1E98CD3000D61C60 /* Products */,
			);
			sourceTree = "<group>";
		};
		991AA6AC1E98CD3000D61C60 /* Products */ = {
			isa = PBXGroup;
			children = (
				991AA6AB1E98CD3000D61C60 /* live_demo.app */,
				991AA6BF1E98CD3000D61C60 /* live_demoTests.xctest */,
				991AA6CA1E98CD3000D61C60 /* live_demoUITests.xctest */,
			);
			name = Products;
			sourceTree = "<group>";
		};
		991AA6AD1E98CD3000D61C60 /* live_demo */ = {
			isa = PBXGroup;
			children = (
				991AA6B01E98CD3000D61C60 /* ViewController.swift */,
				991AA6B21E98CD3000D61C60 /* Main.storyboard */,
				991AA6DC1E98CD8A00D61C60 /* SupportingFiles */,
			);
			path = live_demo;
			sourceTree = "<group>";
		};
		991AA6C21E98CD3000D61C60 /* live_demoTests */ = {
			isa = PBXGroup;
			children = (
				991AA6C31E98CD3000D61C60 /* live_demoTests.swift */,
				991AA6C51E98CD3000D61C60 /* Info.plist */,
			);
			path = live_demoTests;
			sourceTree = "<group>";
		};
		991AA6CD1E98CD3000D61C60 /* live_demoUITests */ = {
			isa = PBXGroup;
			children = (
				991AA6CE1E98CD3000D61C60 /* live_demoUITests.swift */,
				991AA6D01E98CD3000D61C60 /* Info.plist */,
			);
			path = live_demoUITests;
			sourceTree = "<group>";
		};
		991AA6DC1E98CD8A00D61C60 /* SupportingFiles */ = {
			isa = PBXGroup;
			children = (
				991AA6AE1E98CD3000D61C60 /* AppDelegate.swift */,
				991AA6B51E98CD3000D61C60 /* Assets.xcassets */,
				991AA6B71E98CD3000D61C60 /* LaunchScreen.storyboard */,
				991AA6BA1E98CD3000D61C60 /* Info.plist */,
			);
			name = SupportingFiles;
			sourceTree = "<group>";
		};
/* End PBXGroup section */

/* Begin PBXNativeTarget section */
		991AA6AA1E98CD3000D61C60 /* live_demo */ = {
			isa = PBXNativeTarget;
			buildConfigurationList = 991AA6D31E98CD3000D61C60 /* Build configuration list for PBXNativeTarget "live_demo" */;
			buildPhases = (
				991AA6A71E98CD3000D61C60 /* Sources */,
				991AA6A81E98CD3000D61C60 /* Frameworks */,
				991AA6A91E98CD3000D61C60 /* Resources */,
			);
			buildRules = (
			);
			dependencies = (
			);
			name = live_demo;
			productName = live_demo;
			productReference = 991AA6AB1E98CD3000D61C60 /* live_demo.app */;
			productType = "com.apple.product-type.application";
		};
		991AA6BE1E98CD3000D61C60 /* live_demoTests */ = {
			isa = PBXNativeTarget;
			buildConfigurationList = 991AA6D61E98CD3000D61C60 /* Build configuration list for PBXNativeTarget "live_demoTests" */;
			buildPhases = (
				991AA6BB1E98CD3000D61C60 /* Sources */,
				991AA6BC1E98CD3000D61C60 /* Frameworks */,
				991AA6BD1E98CD3000D61C60 /* Resources */,
			);
			buildRules = (
			);
			dependencies = (
				991AA6C11E98CD3000D61C60 /* PBXTargetDependency */,
			);
			name = live_demoTests;
			productName = live_demoTests;
			productReference = 991AA6BF1E98CD3000D61C60 /* live_demoTests.xctest */;
			productType = "com.apple.product-type.bundle.unit-test";
		};
		991AA6C91E98CD3000D61C60 /* live_demoUITests */ = {
			isa = PBXNativeTarget;
			buildConfigurationList = 991AA6D91E98CD3000D61C60 /* Build configuration list for PBXNativeTarget "live_demoUITests" */;
			buildPhases = (
				991AA6C61E98CD3000D61C60 /* Sources */,
				991AA6C71E98CD3000D61C60 /* Frameworks */,
				991AA6C81E98CD3000D61C60 /* Resources */,
			);
			buildRules = (
			);
			dependencies = (
				991AA6CC1E98CD3000D61C60 /* PBXTargetDependency */,
			);
			name = live_demoUITests;
			productName = live_demoUITests;
			productReference = 991AA6CA1E98CD3000D61C60 /* live_demoUITests.xctest */;
			productType = "com.apple.product-type.bundle.ui-testing";
		};
/* End PBXNativeTarget section */

/* Begin PBXProject section */
		991AA6A31E98CD3000D61C60 /* Project object */ = {
			isa = PBXProject;
			attributes = {
				LastSwiftUpdateCheck = 0720;
				LastUpgradeCheck = 0720;
				ORGANIZATIONNAME = "Lawrencé";
				TargetAttributes = {
					991AA6AA1E98CD3000D61C60 = {
						CreatedOnToolsVersion = 7.2.1;
					};
					991AA6BE1E98CD3000D61C60 = {
						CreatedOnToolsVersion = 7.2.1;
						TestTargetID = 991AA6AA1E98CD3000D61C60;
					};
					991AA6C91E98CD3000D61C60 = {
						CreatedOnToolsVersion = 7.2.1;
						TestTargetID = 991AA6AA1E98CD3000D61C60;
					};
				};
			};
			buildConfigurationList = 991AA6A61E98CD3000D61C60 /* Build configuration list for PBXProject "live_demo" */;
			compatibilityVersion = "Xcode 3.2";
			developmentRegion = English;
			hasScannedForEncodings = 0;
			knownRegions = (
				en,
				Base,
			);
			mainGroup = 991AA6A21E98CD3000D61C60;
			productRefGroup = 991AA6AC1E98CD3000D61C60 /* Products */;
			projectDirPath = "";
			projectRoot = "";
			targets = (
				991AA6AA1E98CD3000D61C60 /* live_demo */,
				991AA6BE1E98CD3000D61C60 /* live_demoTests */,
				991AA6C91E98CD3000D61C60 /* live_demoUITests */,
			);
		};
/* End PBXProject section */

/* Begin PBXResourcesBuildPhase section */
		991AA6A91E98CD3000D61C60 /* Resources */ = {
			isa = PBXResourcesBuildPhase;
			buildActionMask = 2147483647;
			files = (
				991AA6B91E98CD3000D61C60 /* LaunchScreen.storyboard in Resources */,
				991AA6B61E98CD3000D61C60 /* Assets.xcassets in Resources */,
				991AA6B41E98CD3000D61C60 /* Main.storyboard in Resources */,
			);
			runOnlyForDeploymentPostprocessing = 0;
		};
		991AA6BD1E98CD3000D61C60 /* Resources */ = {
			isa = PBXResourcesBuildPhase;
			buildActionMask = 2147483647;
			files = (
			);
			runOnlyForDeploymentPostprocessing = 0;
		};
		991AA6C81E98CD3000D61C60 /* Resources */ = {
			isa = PBXResourcesBuildPhase;
			buildActionMask = 2147483647;
			files = (
			);
			runOnlyForDeploymentPostprocessing = 0;
		};
/* End PBXResourcesBuildPhase section */

/* Begin PBXSourcesBuildPhase section */
		991AA6A71E98CD3000D61C60 /* Sources */ = {
			isa = PBXSourcesBuildPhase;
			buildActionMask = 2147483647;
			files = (
				991AA6B11E98CD3000D61C60 /* ViewController.swift in Sources */,
				991AA6AF1E98CD3000D61C60 /* AppDelegate.swift in Sources */,
			);
			runOnlyForDeploymentPostprocessing = 0;
		};
		991AA6BB1E98CD3000D61C60 /* Sources */ = {
			isa = PBXSourcesBuildPhase;
			buildActionMask = 2147483647;
			files = (
				991AA6C41E98CD3000D61C60 /* live_demoTests.swift in Sources */,
			);
			runOnlyForDeploymentPostprocessing = 0;
		};
		991AA6C61E98CD3000D61C60 /* Sources */ = {
			isa = PBXSourcesBuildPhase;
			buildActionMask = 2147483647;
			files = (
				991AA6CF1E98CD3000D61C60 /* live_demoUITests.swift in Sources */,
			);
			runOnlyForDeploymentPostprocessing = 0;
		};
/* End PBXSourcesBuildPhase section */

/* Begin PBXTargetDependency section */
		991AA6C11E98CD3000D61C60 /* PBXTargetDependency */ = {
			isa = PBXTargetDependency;
			target = 991AA6AA1E98CD3000D61C60 /* live_demo */;
			targetProxy = 991AA6C01E98CD3000D61C60 /* PBXContainerItemProxy */;
		};
		991AA6CC1E98CD3000D61C60 /* PBXTargetDependency */ = {
			isa = PBXTargetDependency;
			target = 991AA6AA1E98CD3000D61C60 /* live_demo */;
			targetProxy = 991AA6CB1E98CD3000D61C60 /* PBXContainerItemProxy */;
		};
/* End PBXTargetDependency section */

/* Begin PBXVariantGroup section */
		991AA6B21E98CD3000D61C60 /* Main.storyboard */ = {
			isa = PBXVariantGroup;
			children = (
				991AA6B31E98CD3000D61C60 /* Base */,
			);
			name = Main.storyboard;
			sourceTree = "<group>";
		};
		991AA6B71E98CD3000D61C60 /* LaunchScreen.storyboard */ = {
			isa = PBXVariantGroup;
			children = (
				991AA6B81E98CD3000D61C60 /* Base */,
			);
			name = LaunchScreen.storyboard;
			sourceTree = "<group>";
		};
/* End PBXVariantGroup section */

/* Begin XCBuildConfiguration section */
		991AA6D11E98CD3000D61C60 /* Debug */ = {
			isa = XCBuildConfiguration;
			buildSettings = {
				ALWAYS_SEARCH_USER_PATHS = NO;
				CLANG_CXX_LANGUAGE_STANDARD = "gnu++0x";
				CLANG_CXX_LIBRARY = "libc++";
				CLANG_ENABLE_MODULES = YES;
				CLANG_ENABLE_OBJC_ARC = YES;
				CLANG_WARN_BOOL_CONVERSION = YES;
				CLANG_WARN_CONSTANT_CONVERSION = YES;
				CLANG_WARN_DIRECT_OBJC_ISA_USAGE = YES_ERROR;
				CLANG_WARN_EMPTY_BODY = YES;
				CLANG_WARN_ENUM_CONVERSION = YES;
				CLANG_WARN_INT_CONVERSION = YES;
				CLANG_WARN_OBJC_ROOT_CLASS = YES_ERROR;
				CLANG_WARN_UNREACHABLE_CODE = YES;
				CLANG_WARN__DUPLICATE_METHOD_MATCH = YES;
				"CODE_SIGN_IDENTITY[sdk=iphoneos*]" = "iPhone Developer";
				COPY_PHASE_STRIP = NO;
				DEBUG_INFORMATION_FORMAT = dwarf;
				ENABLE_STRICT_OBJC_MSGSEND = YES;
				ENABLE_TESTABILITY = YES;
				GCC_C_LANGUAGE_STANDARD = gnu99;
				GCC_DYNAMIC_NO_PIC = NO;
				GCC_NO_COMMON_BLOCKS = YES;
				GCC_OPTIMIZATION_LEVEL = 0;
				GCC_PREPROCESSOR_DEFINITIONS = (
					"DEBUG=1",
					"$(inherited)",
				);
				GCC_WARN_64_TO_32_BIT_CONVERSION = YES;
				GCC_WARN_ABOUT_RETURN_TYPE = YES_ERROR;
				GCC_WARN_UNDECLARED_SELECTOR = YES;
				GCC_WARN_UNINITIALIZED_AUTOS = YES_AGGRESSIVE;
				GCC_WARN_UNUSED_FUNCTION = YES;
				GCC_WARN_UNUSED_VARIABLE = YES;
				IPHONEOS_DEPLOYMENT_TARGET = 9.2;
				MTL_ENABLE_DEBUG_INFO = YES;
				ONLY_ACTIVE_ARCH = YES;
				SDKROOT = iphoneos;
				SWIFT_OPTIMIZATION_LEVEL = "-Onone";
				TARGETED_DEVICE_FAMILY = "1,2";
			};
			name = Debug;
		};
		991AA6D21E98CD3000D61C60 /* Release */ = {
			isa = XCBuildConfiguration;
			buildSettings = {
				ALWAYS_SEARCH_USER_PATHS = NO;
				CLANG_CXX_LANGUAGE_STANDARD = "gnu++0x";
				CLANG_CXX_LIBRARY = "libc++";
				CLANG_ENABLE_MODULES = YES;
				CLANG_ENABLE_OBJC_ARC = YES;
				CLANG_WARN_BOOL_CONVERSION = YES;
				CLANG_WARN_CONSTANT_CONVERSION = YES;
				CLANG_WARN_DIRECT_OBJC_ISA_USAGE = YES_ERROR;
				CLANG_WARN_EMPTY_BODY = YES;
				CLANG_WARN_ENUM_CONVERSION = YES;
				CLANG_WARN_INT_CONVERSION = YES;
				CLANG_WARN_OBJC_ROOT_CLASS = YES_ERROR;
				CLANG_WARN_UNREACHABLE_CODE = YES;
				CLANG_WARN__DUPLICATE_METHOD_MATCH = YES;
				"CODE_SIGN_IDENTITY[sdk=iphoneos*]" = "iPhone Developer";
				COPY_PHASE_STRIP = NO;
				DEBUG_INFORMATION_FORMAT = "dwarf-with-dsym";
				ENABLE_NS_ASSERTIONS = NO;
				ENABLE_STRICT_OBJC_MSGSEND = YES;
				GCC_C_LANGUAGE_STANDARD = gnu99;
				GCC_NO_COMMON_BLOCKS = YES;
				GCC_WARN_64_TO_32_BIT_CONVERSION = YES;
				GCC_WARN_ABOUT_RETURN_TYPE = YES_ERROR;
				GCC_WARN_UNDECLARED_SELECTOR = YES;
				GCC_WARN_UNINITIALIZED_AUTOS = YES_AGGRESSIVE;
				GCC_WARN_UNUSED_FUNCTION = YES;
				GCC_WARN_UNUSED_VARIABLE = YES;
				IPHONEOS_DEPLOYMENT_TARGET = 9.2;
				MTL_ENABLE_DEBUG_INFO = NO;
				SDKROOT = iphoneos;
				TARGETED_DEVICE_FAMILY = "1,2";
				VALIDATE_PRODUCT = YES;
			};
			name = Release;
		};
		991AA6D41E98CD3000D61C60 /* Debug */ = {
			isa = XCBuildConfiguration;
			buildSettings = {
				ASSETCATALOG_COMPILER_APPICON_NAME = AppIcon;
				INFOPLIST_FILE = live_demo/Info.plist;
				LD_RUNPATH_SEARCH_PATHS = "$(inherited) @executable_path/Frameworks";
				PRODUCT_BUNDLE_IDENTIFIER = "com.template.live-demo";
				PRODUCT_NAME = "$(TARGET_NAME)";
			};
			name = Debug;
		};
		991AA6D51E98CD3000D61C60 /* Release */ = {
			isa = XCBuildConfiguration;
			buildSettings = {
				ASSETCATALOG_COMPILER_APPICON_NAME = AppIcon;
				INFOPLIST_FILE = live_demo/Info.plist;
				LD_RUNPATH_SEARCH_PATHS = "$(inherited) @executable_path/Frameworks";
				PRODUCT_BUNDLE_IDENTIFIER = "com.template.live-demo";
				PRODUCT_NAME = "$(TARGET_NAME)";
			};
			name = Release;
		};
		991AA6D71E98CD3000D61C60 /* Debug */ = {
			isa = XCBuildConfiguration;
			buildSettings = {
				BUNDLE_LOADER = "$(TEST_HOST)";
				INFOPLIST_FILE = live_demoTests/Info.plist;
				LD_RUNPATH_SEARCH_PATHS = "$(inherited) @executable_path/Frameworks @loader_path/Frameworks";
				PRODUCT_BUNDLE_IDENTIFIER = "com.template.live-demoTests";
				PRODUCT_NAME = "$(TARGET_NAME)";
				TEST_HOST = "$(BUILT_PRODUCTS_DIR)/live_demo.app/live_demo";
			};
			name = Debug;
		};
		991AA6D81E98CD3000D61C60 /* Release */ = {
			isa = XCBuildConfiguration;
			buildSettings = {
				BUNDLE_LOADER = "$(TEST_HOST)";
				INFOPLIST_FILE = live_demoTests/Info.plist;
				LD_RUNPATH_SEARCH_PATHS = "$(inherited) @executable_path/Frameworks @loader_path/Frameworks";
				PRODUCT_BUNDLE_IDENTIFIER = "com.template.live-demoTests";
				PRODUCT_NAME = "$(TARGET_NAME)";
				TEST_HOST = "$(BUILT_PRODUCTS_DIR)/live_demo.app/live_demo";
			};
			name = Release;
		};
		991AA6DA1E98CD3000D61C60 /* Debug */ = {
			isa = XCBuildConfiguration;
			buildSettings = {
				INFOPLIST_FILE = live_demoUITests/Info.plist;
				LD_RUNPATH_SEARCH_PATHS = "$(inherited) @executable_path/Frameworks @loader_path/Frameworks";
				PRODUCT_BUNDLE_IDENTIFIER = "com.template.live-demoUITests";
				PRODUCT_NAME = "$(TARGET_NAME)";
				TEST_TARGET_NAME = live_demo;
				USES_XCTRUNNER = YES;
			};
			name = Debug;
		};
		991AA6DB1E98CD3000D61C60 /* Release */ = {
			isa = XCBuildConfiguration;
			buildSettings = {
				INFOPLIST_FILE = live_demoUITests/Info.plist;
				LD_RUNPATH_SEARCH_PATHS = "$(inherited) @executable_path/Frameworks @loader_path/Frameworks";
				PRODUCT_BUNDLE_IDENTIFIER = "com.template.live-demoUITests";
				PRODUCT_NAME = "$(TARGET_NAME)";
				TEST_TARGET_NAME = live_demo;
				USES_XCTRUNNER = YES;
			};
			name = Release;
		};
/* End XCBuildConfiguration section */

/* Begin XCConfigurationList section */
		991AA6A61E98CD3000D61C60 /* Build configuration list for PBXProject "live_demo" */ = {
			isa = XCConfigurationList;
			buildConfigurations = (
				991AA6D11E98CD3000D61C60 /* Debug */,
				991AA6D21E98CD3000D61C60 /* Release */,
			);
			defaultConfigurationIsVisible = 0;
			defaultConfigurationName = Release;
		};
		991AA6D31E98CD3000D61C60 /* Build configuration list for PBXNativeTarget "live_demo" */ = {
			isa = XCConfigurationList;
			buildConfigurations = (
				991AA6D41E98CD3000D61C60 /* Debug */,
				991AA6D51E98CD3000D61C60 /* Release */,
			);
			defaultConfigurationIsVisible = 0;
		};
		991AA6D61E98CD3000D61C60 /* Build configuration list for PBXNativeTarget "live_demoTests" */ = {
			isa = XCConfigurationList;
			buildConfigurations = (
				991AA6D71E98CD3000D61C60 /* Debug */,
				991AA6D81E98CD3000D61C60 /* Release */,
			);
			defaultConfigurationIsVisible = 0;
		};
		991AA6D91E98CD3000D61C60 /* Build configuration list for PBXNativeTarget "live_demoUITests" */ = {
			isa = XCConfigurationList;
			buildConfigurations = (
				991AA6DA1E98CD3000D61C60 /* Debug */,
				991AA6DB1E98CD3000D61C60 /* Release */,
			);
			defaultConfigurationIsVisible = 0;
		};
/* End XCConfigurationList section */
	};
	rootObject = 991AA6A31E98CD3000D61C60 /* Project object */;
}
